// !$*UTF8*$!
{
	archiveVersion = 1;
	classes = {
	};
	objectVersion = 55;
	objects = {

/* Begin PBXBuildFile section */
		9ECDD5F32733CEFD00889E45 /* AppDelegate.swift in Sources */ = {isa = PBXBuildFile; fileRef = 9ECDD5F22733CEFD00889E45 /* AppDelegate.swift */; };
		9ECDD5F52733CEFD00889E45 /* SceneDelegate.swift in Sources */ = {isa = PBXBuildFile; fileRef = 9ECDD5F42733CEFD00889E45 /* SceneDelegate.swift */; };
		9ECDD5F72733CEFD00889E45 /* ViewController.swift in Sources */ = {isa = PBXBuildFile; fileRef = 9ECDD5F62733CEFD00889E45 /* ViewController.swift */; };
		9ECDD5FA2733CEFD00889E45 /* Main.storyboard in Resources */ = {isa = PBXBuildFile; fileRef = 9ECDD5F82733CEFD00889E45 /* Main.storyboard */; };
		9ECDD5FC2733CEFD00889E45 /* Assets.xcassets in Resources */ = {isa = PBXBuildFile; fileRef = 9ECDD5FB2733CEFD00889E45 /* Assets.xcassets */; };
		9ECDD5FF2733CEFD00889E45 /* LaunchScreen.storyboard in Resources */ = {isa = PBXBuildFile; fileRef = 9ECDD5FD2733CEFD00889E45 /* LaunchScreen.storyboard */; };
		9ECDD6072733D04600889E45 /* chatbot.html in Resources */ = {isa = PBXBuildFile; fileRef = 9ECDD6062733D04600889E45 /* chatbot.html */; };
/* End PBXBuildFile section */

/* Begin PBXFileReference section */
		9ECDD5EF2733CEFC00889E45 /* SAPCAI.app */ = {isa = PBXFileReference; explicitFileType = wrapper.application; includeInIndex = 0; path = SAPCAI.app; sourceTree = BUILT_PRODUCTS_DIR; };
		9ECDD5F22733CEFD00889E45 /* AppDelegate.swift */ = {isa = PBXFileReference; lastKnownFileType = sourcecode.swift; path = AppDelegate.swift; sourceTree = "<group>"; };
		9ECDD5F42733CEFD00889E45 /* SceneDelegate.swift */ = {isa = PBXFileReference; lastKnownFileType = sourcecode.swift; path = SceneDelegate.swift; sourceTree = "<group>"; };
		9ECDD5F62733CEFD00889E45 /* ViewController.swift */ = {isa = PBXFileReference; lastKnownFileType = sourcecode.swift; path = ViewController.swift; sourceTree = "<group>"; };
		9ECDD5F92733CEFD00889E45 /* Base */ = {isa = PBXFileReference; lastKnownFileType = file.storyboard; name = Base; path = Base.lproj/Main.storyboard; sourceTree = "<group>"; };
		9ECDD5FB2733CEFD00889E45 /* Assets.xcassets */ = {isa = PBXFileReference; lastKnownFileType = folder.assetcatalog; path = Assets.xcassets; sourceTree = "<group>"; };
		9ECDD5FE2733CEFD00889E45 /* Base */ = {isa = PBXFileReference; lastKnownFileType = file.storyboard; name = Base; path = Base.lproj/LaunchScreen.storyboard; sourceTree = "<group>"; };
		9ECDD6002733CEFD00889E45 /* Info.plist */ = {isa = PBXFileReference; lastKnownFileType = text.plist.xml; path = Info.plist; sourceTree = "<group>"; };
		9ECDD6062733D04600889E45 /* chatbot.html */ = {isa = PBXFileReference; fileEncoding = 4; lastKnownFileType = text.html; name = chatbot.html; path = ../../../chatbot.html; sourceTree = "<group>"; };
/* End PBXFileReference section */

/* Begin PBXFrameworksBuildPhase section */
		9ECDD5EC2733CEFC00889E45 /* Frameworks */ = {
			isa = PBXFrameworksBuildPhase;
			buildActionMask = 2147483647;
			files = (
			);
			runOnlyForDeploymentPostprocessing = 0;
		};
/* End PBXFrameworksBuildPhase section */

/* Begin PBXGroup section */
		9ECDD5E62733CEFC00889E45 = {
			isa = PBXGroup;
			children = (
				9ECDD5F12733CEFC00889E45 /* SAPCAI */,
				9ECDD5F02733CEFC00889E45 /* Products */,
			);
			sourceTree = "<group>";
		};
		9ECDD5F02733CEFC00889E45 /* Products */ = {
			isa = PBXGroup;
			children = (
				9ECDD5EF2733CEFC00889E45 /* SAPCAI.app */,
			);
			name = Products;
			sourceTree = "<group>";
		};
		9ECDD5F12733CEFC00889E45 /* SAPCAI */ = {
			isa = PBXGroup;
			children = (
				9ECDD6062733D04600889E45 /* chatbot.html */,
				9ECDD5F22733CEFD00889E45 /* AppDelegate.swift */,
				9ECDD5F42733CEFD00889E45 /* SceneDelegate.swift */,
				9ECDD5F62733CEFD00889E45 /* ViewController.swift */,
				9ECDD5F82733CEFD00889E45 /* Main.storyboard */,
				9ECDD5FB2733CEFD00889E45 /* Assets.xcassets */,
				9ECDD5FD2733CEFD00889E45 /* LaunchScreen.storyboard */,
				9ECDD6002733CEFD00889E45 /* Info.plist */,
			);
			path = SAPCAI;
			sourceTree = "<group>";
		};
/* End PBXGroup section */

/* Begin PBXNativeTarget section */
		9ECDD5EE2733CEFC00889E45 /* SAPCAI */ = {
			isa = PBXNativeTarget;
			buildConfigurationList = 9ECDD6032733CEFD00889E45 /* Build configuration list for PBXNativeTarget "SAPCAI" */;
			buildPhases = (
				9ECDD5EB2733CEFC00889E45 /* Sources */,
				9ECDD5EC2733CEFC00889E45 /* Frameworks */,
				9ECDD5ED2733CEFC00889E45 /* Resources */,
			);
			buildRules = (
			);
			dependencies = (
			);
			name = SAPCAI;
			productName = SAPCAI;
			productReference = 9ECDD5EF2733CEFC00889E45 /* SAPCAI.app */;
			productType = "com.apple.product-type.application";
		};
/* End PBXNativeTarget section */

/* Begin PBXProject section */
		9ECDD5E72733CEFC00889E45 /* Project object */ = {
			isa = PBXProject;
			attributes = {
				BuildIndependentTargetsInParallel = 1;
				LastSwiftUpdateCheck = 1310;
				LastUpgradeCheck = 1310;
				TargetAttributes = {
					9ECDD5EE2733CEFC00889E45 = {
						CreatedOnToolsVersion = 13.1;
					};
				};
			};
			buildConfigurationList = 9ECDD5EA2733CEFC00889E45 /* Build configuration list for PBXProject "SAPCAI" */;
			compatibilityVersion = "Xcode 13.0";
			developmentRegion = en;
			hasScannedForEncodings = 0;
			knownRegions = (
				en,
				Base,
			);
			mainGroup = 9ECDD5E62733CEFC00889E45;
			productRefGroup = 9ECDD5F02733CEFC00889E45 /* Products */;
			projectDirPath = "";
			projectRoot = "";
			targets = (
				9ECDD5EE2733CEFC00889E45 /* SAPCAI */,
			);
		};
/* End PBXProject section */

/* Begin PBXResourcesBuildPhase section */
		9ECDD5ED2733CEFC00889E45 /* Resources */ = {
			isa = PBXResourcesBuildPhase;
			buildActionMask = 2147483647;
			files = (
				9ECDD6072733D04600889E45 /* chatbot.html in Resources */,
				9ECDD5FF2733CEFD00889E45 /* LaunchScreen.storyboard in Resources */,
				9ECDD5FC2733CEFD00889E45 /* Assets.xcassets in Resources */,
				9ECDD5FA2733CEFD00889E45 /* Main.storyboard in Resources */,
			);
			runOnlyForDeploymentPostprocessing = 0;
		};
/* End PBXResourcesBuildPhase section */

/* Begin PBXSourcesBuildPhase section */
		9ECDD5EB2733CEFC00889E45 /* Sources */ = {
			isa = PBXSourcesBuildPhase;
			buildActionMask = 2147483647;
			files = (
				9ECDD5F72733CEFD00889E45 /* ViewController.swift in Sources */,
				9ECDD5F32733CEFD00889E45 /* AppDelegate.swift in Sources */,
				9ECDD5F52733CEFD00889E45 /* SceneDelegate.swift in Sources */,
			);
			runOnlyForDeploymentPostprocessing = 0;
		};
/* End PBXSourcesBuildPhase section */

/* Begin PBXVariantGroup section */
		9ECDD5F82733CEFD00889E45 /* Main.storyboard */ = {
			isa = PBXVariantGroup;
			children = (
				9ECDD5F92733CEFD00889E45 /* Base */,
			);
			name = Main.storyboard;
			sourceTree = "<group>";
		};
		9ECDD5FD2733CEFD00889E45 /* LaunchScreen.storyboard */ = {
			isa = PBXVariantGroup;
			children = (
				9ECDD5FE2733CEFD00889E45 /* Base */,
			);
			name = LaunchScreen.storyboard;
			sourceTree = "<group>";
		};
/* End PBXVariantGroup section */

/* Begin XCBuildConfiguration section */
		9ECDD6012733CEFD00889E45 /* Debug */ = {
			isa = XCBuildConfiguration;
			buildSettings = {
				ALWAYS_SEARCH_USER_PATHS = NO;
				CLANG_ANALYZER_NONNULL = YES;
				CLANG_ANALYZER_NUMBER_OBJECT_CONVERSION = YES_AGGRESSIVE;
				CLANG_CXX_LANGUAGE_STANDARD = "gnu++17";
				CLANG_CXX_LIBRARY = "libc++";
				CLANG_ENABLE_MODULES = YES;
				CLANG_ENABLE_OBJC_ARC = YES;
				CLANG_ENABLE_OBJC_WEAK = YES;
				CLANG_WARN_BLOCK_CAPTURE_AUTORELEASING = YES;
				CLANG_WARN_BOOL_CONVERSION = YES;
				CLANG_WARN_COMMA = YES;
				CLANG_WARN_CONSTANT_CONVERSION = YES;
				CLANG_WARN_DEPRECATED_OBJC_IMPLEMENTATIONS = YES;
				CLANG_WARN_DIRECT_OBJC_ISA_USAGE = YES_ERROR;
				CLANG_WARN_DOCUMENTATION_COMMENTS = YES;
				CLANG_WARN_EMPTY_BODY = YES;
				CLANG_WARN_ENUM_CONVERSION = YES;
				CLANG_WARN_INFINITE_RECURSION = YES;
				CLANG_WARN_INT_CONVERSION = YES;
				CLANG_WARN_NON_LITERAL_NULL_CONVERSION = YES;
				CLANG_WARN_OBJC_IMPLICIT_RETAIN_SELF = YES;
				CLANG_WARN_OBJC_LITERAL_CONVERSION = YES;
				CLANG_WARN_OBJC_ROOT_CLASS = YES_ERROR;
				CLANG_WARN_QUOTED_INCLUDE_IN_FRAMEWORK_HEADER = YES;
				CLANG_WARN_RANGE_LOOP_ANALYSIS = YES;
				CLANG_WARN_STRICT_PROTOTYPES = YES;
				CLANG_WARN_SUSPICIOUS_MOVE = YES;
				CLANG_WARN_UNGUARDED_AVAILABILITY = YES_AGGRESSIVE;
				CLANG_WARN_UNREACHABLE_CODE = YES;
				CLANG_WARN__DUPLICATE_METHOD_MATCH = YES;
				COPY_PHASE_STRIP = NO;
				DEBUG_INFORMATION_FORMAT = dwarf;
				ENABLE_STRICT_OBJC_MSGSEND = YES;
				ENABLE_TESTABILITY = YES;
				GCC_C_LANGUAGE_STANDARD = gnu11;
				GCC_DYNAMIC_NO_PIC = NO;
				GCC_NO_COMMON_BLOCKS = YES;
				GCC_OPTIMIZATION_LEVEL = 0;
				GCC_PREPROCESSOR_DEFINITIONS = (
					"DEBUG=1",
					"$(inherited)",
				);
				GCC_WARN_64_TO_32_BIT_CONVERSION = YES;
				GCC_WARN_ABOUT_RETURN_TYPE = YES_ERROR;
				GCC_WARN_UNDECLARED_SELECTOR = YES;
				GCC_WARN_UNINITIALIZED_AUTOS = YES_AGGRESSIVE;
				GCC_WARN_UNUSED_FUNCTION = YES;
				GCC_WARN_UNUSED_VARIABLE = YES;
				IPHONEOS_DEPLOYMENT_TARGET = 15.0;
				MTL_ENABLE_DEBUG_INFO = INCLUDE_SOURCE;
				MTL_FAST_MATH = YES;
				ONLY_ACTIVE_ARCH = YES;
				SDKROOT = iphoneos;
				SWIFT_ACTIVE_COMPILATION_CONDITIONS = DEBUG;
				SWIFT_OPTIMIZATION_LEVEL = "-Onone";
			};
			name = Debug;
		};
		9ECDD6022733CEFD00889E45 /* Release */ = {
			isa = XCBuildConfiguration;
			buildSettings = {
				ALWAYS_SEARCH_USER_PATHS = NO;
				CLANG_ANALYZER_NONNULL = YES;
				CLANG_ANALYZER_NUMBER_OBJECT_CONVERSION = YES_AGGRESSIVE;
				CLANG_CXX_LANGUAGE_STANDARD = "gnu++17";
				CLANG_CXX_LIBRARY = "libc++";
				CLANG_ENABLE_MODULES = YES;
				CLANG_ENABLE_OBJC_ARC = YES;
				CLANG_ENABLE_OBJC_WEAK = YES;
				CLANG_WARN_BLOCK_CAPTURE_AUTORELEASING = YES;
				CLANG_WARN_BOOL_CONVERSION = YES;
				CLANG_WARN_COMMA = YES;
				CLANG_WARN_CONSTANT_CONVERSION = YES;
				CLANG_WARN_DEPRECATED_OBJC_IMPLEMENTATIONS = YES;
				CLANG_WARN_DIRECT_OBJC_ISA_USAGE = YES_ERROR;
				CLANG_WARN_DOCUMENTATION_COMMENTS = YES;
				CLANG_WARN_EMPTY_BODY = YES;
				CLANG_WARN_ENUM_CONVERSION = YES;
				CLANG_WARN_INFINITE_RECURSION = YES;
				CLANG_WARN_INT_CONVERSION = YES;
				CLANG_WARN_NON_LITERAL_NULL_CONVERSION = YES;
				CLANG_WARN_OBJC_IMPLICIT_RETAIN_SELF = YES;
				CLANG_WARN_OBJC_LITERAL_CONVERSION = YES;
				CLANG_WARN_OBJC_ROOT_CLASS = YES_ERROR;
				CLANG_WARN_QUOTED_INCLUDE_IN_FRAMEWORK_HEADER = YES;
				CLANG_WARN_RANGE_LOOP_ANALYSIS = YES;
				CLANG_WARN_STRICT_PROTOTYPES = YES;
				CLANG_WARN_SUSPICIOUS_MOVE = YES;
				CLANG_WARN_UNGUARDED_AVAILABILITY = YES_AGGRESSIVE;
				CLANG_WARN_UNREACHABLE_CODE = YES;
				CLANG_WARN__DUPLICATE_METHOD_MATCH = YES;
				COPY_PHASE_STRIP = NO;
				DEBUG_INFORMATION_FORMAT = "dwarf-with-dsym";
				ENABLE_NS_ASSERTIONS = NO;
				ENABLE_STRICT_OBJC_MSGSEND = YES;
				GCC_C_LANGUAGE_STANDARD = gnu11;
				GCC_NO_COMMON_BLOCKS = YES;
				GCC_WARN_64_TO_32_BIT_CONVERSION = YES;
				GCC_WARN_ABOUT_RETURN_TYPE = YES_ERROR;
				GCC_WARN_UNDECLARED_SELECTOR = YES;
				GCC_WARN_UNINITIALIZED_AUTOS = YES_AGGRESSIVE;
				GCC_WARN_UNUSED_FUNCTION = YES;
				GCC_WARN_UNUSED_VARIABLE = YES;
				IPHONEOS_DEPLOYMENT_TARGET = 15.0;
				MTL_ENABLE_DEBUG_INFO = NO;
				MTL_FAST_MATH = YES;
				SDKROOT = iphoneos;
				SWIFT_COMPILATION_MODE = wholemodule;
				SWIFT_OPTIMIZATION_LEVEL = "-O";
				VALIDATE_PRODUCT = YES;
			};
			name = Release;
		};
		9ECDD6042733CEFD00889E45 /* Debug */ = {
			isa = XCBuildConfiguration;
			buildSettings = {
				ASSETCATALOG_COMPILER_APPICON_NAME = AppIcon;
				ASSETCATALOG_COMPILER_GLOBAL_ACCENT_COLOR_NAME = AccentColor;
				CODE_SIGN_STYLE = Automatic;
				CURRENT_PROJECT_VERSION = 1;
				DEVELOPMENT_TEAM = B4PA5NM7N8;
				GENERATE_INFOPLIST_FILE = YES;
				INFOPLIST_FILE = SAPCAI/Info.plist;
				INFOPLIST_KEY_UIApplicationSupportsIndirectInputEvents = YES;
				INFOPLIST_KEY_UILaunchStoryboardName = LaunchScreen;
				INFOPLIST_KEY_UIMainStoryboardFile = Main;
				INFOPLIST_KEY_UISupportedInterfaceOrientations_iPad = "UIInterfaceOrientationPortrait UIInterfaceOrientationPortraitUpsideDown UIInterfaceOrientationLandscapeLeft UIInterfaceOrientationLandscapeRight";
				INFOPLIST_KEY_UISupportedInterfaceOrientations_iPhone = "UIInterfaceOrientationPortrait UIInterfaceOrientationLandscapeLeft UIInterfaceOrientationLandscapeRight";
				LD_RUNPATH_SEARCH_PATHS = (
					"$(inherited)",
					"@executable_path/Frameworks",
				);
				MARKETING_VERSION = 1.0;
				PRODUCT_BUNDLE_IDENTIFIER = iprvsap.SAPCAI;
				PRODUCT_NAME = "$(TARGET_NAME)";
				SWIFT_EMIT_LOC_STRINGS = YES;
				SWIFT_VERSION = 5.0;
				TARGETED_DEVICE_FAMILY = "1,2";
			};
			name = Debug;
		};
		9ECDD6052733CEFD00889E45 /* Release */ = {
			isa = XCBuildConfiguration;
			buildSettings = {
				ASSETCATALOG_COMPILER_APPICON_NAME = AppIcon;
				ASSETCATALOG_COMPILER_GLOBAL_ACCENT_COLOR_NAME = AccentColor;
				CODE_SIGN_STYLE = Automatic;
				CURRENT_PROJECT_VERSION = 1;
				DEVELOPMENT_TEAM = B4PA5NM7N8;
				GENERATE_INFOPLIST_FILE = YES;
				INFOPLIST_FILE = SAPCAI/Info.plist;
				INFOPLIST_KEY_UIApplicationSupportsIndirectInputEvents = YES;
				INFOPLIST_KEY_UILaunchStoryboardName = LaunchScreen;
				INFOPLIST_KEY_UIMainStoryboardFile = Main;
				INFOPLIST_KEY_UISupportedInterfaceOrientations_iPad = "UIInterfaceOrientationPortrait UIInterfaceOrientationPortraitUpsideDown UIInterfaceOrientationLandscapeLeft UIInterfaceOrientationLandscapeRight";
				INFOPLIST_KEY_UISupportedInterfaceOrientations_iPhone = "UIInterfaceOrientationPortrait UIInterfaceOrientationLandscapeLeft UIInterfaceOrientationLandscapeRight";
				LD_RUNPATH_SEARCH_PATHS = (
					"$(inherited)",
					"@executable_path/Frameworks",
				);
				MARKETING_VERSION = 1.0;
				PRODUCT_BUNDLE_IDENTIFIER = iprvsap.SAPCAI;
				PRODUCT_NAME = "$(TARGET_NAME)";
				SWIFT_EMIT_LOC_STRINGS = YES;
				SWIFT_VERSION = 5.0;
				TARGETED_DEVICE_FAMILY = "1,2";
			};
			name = Release;
		};
/* End XCBuildConfiguration section */

/* Begin XCConfigurationList section */
		9ECDD5EA2733CEFC00889E45 /* Build configuration list for PBXProject "SAPCAI" */ = {
			isa = XCConfigurationList;
			buildConfigurations = (
				9ECDD6012733CEFD00889E45 /* Debug */,
				9ECDD6022733CEFD00889E45 /* Release */,
			);
			defaultConfigurationIsVisible = 0;
			defaultConfigurationName = Release;
		};
		9ECDD6032733CEFD00889E45 /* Build configuration list for PBXNativeTarget "SAPCAI" */ = {
			isa = XCConfigurationList;
			buildConfigurations = (
				9ECDD6042733CEFD00889E45 /* Debug */,
				9ECDD6052733CEFD00889E45 /* Release */,
			);
			defaultConfigurationIsVisible = 0;
			defaultConfigurationName = Release;
		};
/* End XCConfigurationList section */
	};
	rootObject = 9ECDD5E72733CEFC00889E45 /* Project object */;
}
